
Microsoft Visual Studio Solution File, Format Version 12.00
# Visual Studio Version 17
VisualStudioVersion = 17.8.34601.278
MinimumVisualStudioVersion = 10.0.40219.1
Project("{FAE04EC0-301F-11D3-BF4B-00C04F79EFBC}") = "CardLinq", "CardLinq.csproj", "{0293205E-7B91-4490-968B-AF8B9A09AA48}"
EndProject
Global
	GlobalSection(SolutionConfigurationPlatforms) = preSolution
		Debug|Any CPU = Debug|Any CPU
		Release|Any CPU = Release|Any CPU
	EndGlobalSection
	GlobalSection(ProjectConfigurationPlatforms) = postSolution
		{0293205E-7B91-4490-968B-AF8B9A09AA48}.Debug|Any CPU.ActiveCfg = Debug|Any CPU
		{0293205E-7B91-4490-968B-AF8B9A09AA48}.Debug|Any CPU.Build.0 = Debug|Any CPU
		{0293205E-7B91-4490-968B-AF8B9A09AA48}.Release|Any CPU.ActiveCfg = Release|Any CPU
		{0293205E-7B91-4490-968B-AF8B9A09AA48}.Release|Any CPU.Build.0 = Release|Any CPU
	EndGlobalSection
	GlobalSection(SolutionProperties) = preSolution
		HideSolutionNode = FALSE
	EndGlobalSection
	GlobalSection(ExtensibilityGlobals) = postSolution
		SolutionGuid = {E5F5565B-1AB1-4033-9879-321F7B1EC778}
	EndGlobalSection
EndGlobal
